
Microsoft Visual Studio Solution File, Format Version 12.00
# Visual Studio 2012
Project("{2150E333-8FDC-42A3-9474-1A3956D46DE8}") = "Creational", "Creational", "{F1BB2268-9D2F-436E-97BE-A1BFF794CE72}"
EndProject
Project("{2150E333-8FDC-42A3-9474-1A3956D46DE8}") = "Structural", "Structural", "{99F88690-9796-4D53-B8F5-0632CF9980F2}"
EndProject
Project("{2150E333-8FDC-42A3-9474-1A3956D46DE8}") = "Behavioral", "Behavioral", "{61952CDA-2D12-4C42-9FD5-FE327954FFD4}"
EndProject
Project("{FAE04EC0-301F-11D3-BF4B-00C04F79EFBC}") = "Singleton.Sample1", "Singleton.Sample1\Singleton.Sample1.csproj", "{1E9A55EA-2978-433C-ACFF-E0A7F6ADF484}"
EndProject
Project("{FAE04EC0-301F-11D3-BF4B-00C04F79EFBC}") = "Singleton.Sample2", "Singleton.Sample2\Singleton.Sample2.csproj", "{79F68442-9492-4538-BB49-468ABFD7663E}"
EndProject
Project("{FAE04EC0-301F-11D3-BF4B-00C04F79EFBC}") = "Singleton.Sample3", "Singleton.Sample3\Singleton.Sample3.csproj", "{6D5AC4D2-4970-4E02-9E21-EC47DF8619D6}"
EndProject
Project("{FAE04EC0-301F-11D3-BF4B-00C04F79EFBC}") = "Singleton.Sample4", "Singleton.Sample4\Singleton.Sample4.csproj", "{A0FE2F37-004B-438D-85A3-CF8D4FB06C56}"
EndProject
Project("{FAE04EC0-301F-11D3-BF4B-00C04F79EFBC}") = "Singleton.Sample5", "Singleton.Sample5\Singleton.Sample5.csproj", "{A72986C9-A5F1-4B7B-A4C3-BDCA66F573F5}"
EndProject
Project("{FAE04EC0-301F-11D3-BF4B-00C04F79EFBC}") = "Singleton.Sample6", "SingletonSample6\Singleton.Sample6.csproj", "{EE8F4263-BB58-472D-BE38-A2B7B844A915}"
EndProject
Project("{FAE04EC0-301F-11D3-BF4B-00C04F79EFBC}") = "Singleton.Sample7", "Singleton.Sample7\Singleton.Sample7.csproj", "{95E794CD-EA00-4523-A3E0-FA311A7C4999}"
EndProject
Project("{FAE04EC0-301F-11D3-BF4B-00C04F79EFBC}") = "Singleton.Sample8", "Singleton.Sample8\Singleton.Sample8.csproj", "{359B68F9-1540-4B9E-9A05-46F82E84B40E}"
EndProject
Project("{FAE04EC0-301F-11D3-BF4B-00C04F79EFBC}") = "Singleton.Sample9", "Singleton.Sample9\Singleton.Sample9.csproj", "{EF8DB1F9-9D4A-4166-A892-2FE28F7BABB2}"
EndProject
Project("{FAE04EC0-301F-11D3-BF4B-00C04F79EFBC}") = "Singleton.Sample10", "Singleton.Sample10\Singleton.Sample10.csproj", "{03E73C6D-2F59-4B97-9278-7A97605FF483}"
EndProject
Project("{2150E333-8FDC-42A3-9474-1A3956D46DE8}") = "Singleton", "Singleton", "{A6A27A7C-968D-404D-A995-608574630420}"
EndProject
Project("{2150E333-8FDC-42A3-9474-1A3956D46DE8}") = "AbstractFactory", "AbstractFactory", "{428B807F-C8EB-48A7-B365-156194675AD8}"
EndProject
Project("{2150E333-8FDC-42A3-9474-1A3956D46DE8}") = "FactoryMethod", "FactoryMethod", "{B6397DBE-6674-429E-9020-64197588A010}"
EndProject
Project("{2150E333-8FDC-42A3-9474-1A3956D46DE8}") = "Builder", "Builder", "{F1609D7B-EEBE-49EB-AFFA-CCDC3FA60F5F}"
EndProject
Project("{2150E333-8FDC-42A3-9474-1A3956D46DE8}") = "Prototype", "Prototype", "{FFCD6B22-372B-4C61-9FFE-67A53006130B}"
EndProject
Project("{2150E333-8FDC-42A3-9474-1A3956D46DE8}") = "ObjectPool", "ObjectPool", "{1374DE89-99A8-4B90-B054-F6024B4D3FCE}"
EndProject
Project("{2150E333-8FDC-42A3-9474-1A3956D46DE8}") = "Multiton", "Multiton", "{34A0F3EB-83B0-40D0-BEE8-B6FE410008DB}"
EndProject
Project("{FAE04EC0-301F-11D3-BF4B-00C04F79EFBC}") = "Multiton.Sample1", "Multiton.Sample1\Multiton.Sample1.csproj", "{127D6F36-94F2-47A1-A27C-6A3A318ED864}"
EndProject
Project("{FAE04EC0-301F-11D3-BF4B-00C04F79EFBC}") = "Multiton.Sample2", "Multiton.Sample2\Multiton.Sample2.csproj", "{65BF0A2F-686A-4506-8575-A21320BF1D5D}"
EndProject
Project("{FAE04EC0-301F-11D3-BF4B-00C04F79EFBC}") = "Multiton.Sample3", "Multiton.Sample3\Multiton.Sample3.csproj", "{B9048C11-E4BC-4F60-A231-43B8EC169D92}"
EndProject
Project("{FAE04EC0-301F-11D3-BF4B-00C04F79EFBC}") = "ObjectPool.Sample1", "ObjectPool.Sample1\ObjectPool.Sample1.csproj", "{0639A51E-07A0-4DAF-8EF0-697A00CBB5BE}"
EndProject
Project("{FAE04EC0-301F-11D3-BF4B-00C04F79EFBC}") = "ObjectPool.Sample2", "ObjectPool.Sample2\ObjectPool.Sample2.csproj", "{D482B895-BDC4-45E8-B700-C6DE751586E2}"
EndProject
Project("{FAE04EC0-301F-11D3-BF4B-00C04F79EFBC}") = "ObjectPool.Sample3", "ObjectPool.Sample3\ObjectPool.Sample3.csproj", "{C219508E-11E2-4810-A649-52FFD696C08A}"
EndProject
Project("{FAE04EC0-301F-11D3-BF4B-00C04F79EFBC}") = "ObjectPool.Sample4", "ObjectPool.Sample4\ObjectPool.Sample4.csproj", "{F13719CF-AF13-4BDA-90E8-ADB4A0966983}"
EndProject
Project("{FAE04EC0-301F-11D3-BF4B-00C04F79EFBC}") = "ObjectPool.Sample5", "ObjectPool.Manager\ObjectPool.Sample5.csproj", "{5F707B39-D23A-4E5D-B41F-5E3CA7117040}"
EndProject
Project("{FAE04EC0-301F-11D3-BF4B-00C04F79EFBC}") = "AbstractFactory.Sample1", "AbstractFactory.Sample1\AbstractFactory.Sample1.csproj", "{630F850F-A306-44CC-8FC4-25D0A0454E98}"
EndProject
Project("{FAE04EC0-301F-11D3-BF4B-00C04F79EFBC}") = "AbstractFactory.Sample2", "AbstractFactory.Sample2\AbstractFactory.Sample2.csproj", "{7AE83305-AD29-4BC0-954A-1D32D48899A3}"
EndProject
Project("{FAE04EC0-301F-11D3-BF4B-00C04F79EFBC}") = "AbstractFactory.Sample3", "AbstractFactory.Sample3\AbstractFactory.Sample3.csproj", "{A9CE6D5A-9F89-4305-8A09-B4A48972F31A}"
EndProject
Project("{FAE04EC0-301F-11D3-BF4B-00C04F79EFBC}") = "FactoryMethod.Sample1", "FactoryMethod.Sample1\FactoryMethod.Sample1.csproj", "{B4271666-6812-4F05-B3B9-E908116BCF05}"
EndProject
Project("{FAE04EC0-301F-11D3-BF4B-00C04F79EFBC}") = "FactoryMethod.Sample2", "FactoryMethod.Sample2\FactoryMethod.Sample2.csproj", "{4A833497-4120-4D83-9BA1-C4944EA99B2A}"
EndProject
Project("{FAE04EC0-301F-11D3-BF4B-00C04F79EFBC}") = "Prototype.Sample1", "Prototype.Sample1\Prototype.Sample1.csproj", "{7134289E-5F3F-42D8-A78D-ECF9F4BA7CA8}"
EndProject
Project("{FAE04EC0-301F-11D3-BF4B-00C04F79EFBC}") = "Prototype.Sample2", "Prototype.Sample2\Prototype.Sample2.csproj", "{287A8F53-F515-4DAF-90B2-A984A94DE65B}"
EndProject
Project("{FAE04EC0-301F-11D3-BF4B-00C04F79EFBC}") = "Prototype.Sample3", "Prototype.Sample3\Prototype.Sample3.csproj", "{F05BDBC7-01CB-4D99-B57C-8B9B08C43374}"
EndProject
Project("{FAE04EC0-301F-11D3-BF4B-00C04F79EFBC}") = "Prototype.Sample4", "Prototype.Sample4\Prototype.Sample4.csproj", "{86721F44-A22C-4743-B761-A40532E51396}"
EndProject
Project("{FAE04EC0-301F-11D3-BF4B-00C04F79EFBC}") = "Builder.Sample1", "Builder.Sample1\Builder.Sample1.csproj", "{257B88FA-47C2-4D62-8D9C-C3C1817749A3}"
EndProject
Project("{FAE04EC0-301F-11D3-BF4B-00C04F79EFBC}") = "Builder.Sample2", "Builder.Sample2\Builder.Sample2.csproj", "{CD6A7900-833C-483C-A553-C2E772123443}"
EndProject
Project("{FAE04EC0-301F-11D3-BF4B-00C04F79EFBC}") = "AbstractFactory.Sample4", "AbstractFactory\AbstractFactory.Sample4.csproj", "{E3617FC3-8E53-4822-814E-5F2FAF968092}"
EndProject
Project("{FAE04EC0-301F-11D3-BF4B-00C04F79EFBC}") = "FactoryMethod.Sample3", "FactoryMethod.Sample3\FactoryMethod.Sample3.csproj", "{1EA7C0AD-732E-4D82-8D74-FF0E422986AC}"
EndProject
Project("{FAE04EC0-301F-11D3-BF4B-00C04F79EFBC}") = "FactoryMethod.Sample4", "FactoryMethod.Sample4\FactoryMethod.Sample4.csproj", "{E74ED5FC-3E77-4448-B3C2-90B731E60EE7}"
EndProject
Global
	GlobalSection(SolutionConfigurationPlatforms) = preSolution
		Debug|Any CPU = Debug|Any CPU
		Release|Any CPU = Release|Any CPU
	EndGlobalSection
	GlobalSection(ProjectConfigurationPlatforms) = postSolution
		{1E9A55EA-2978-433C-ACFF-E0A7F6ADF484}.Debug|Any CPU.ActiveCfg = Debug|Any CPU
		{1E9A55EA-2978-433C-ACFF-E0A7F6ADF484}.Debug|Any CPU.Build.0 = Debug|Any CPU
		{1E9A55EA-2978-433C-ACFF-E0A7F6ADF484}.Release|Any CPU.ActiveCfg = Release|Any CPU
		{1E9A55EA-2978-433C-ACFF-E0A7F6ADF484}.Release|Any CPU.Build.0 = Release|Any CPU
		{79F68442-9492-4538-BB49-468ABFD7663E}.Debug|Any CPU.ActiveCfg = Debug|Any CPU
		{79F68442-9492-4538-BB49-468ABFD7663E}.Debug|Any CPU.Build.0 = Debug|Any CPU
		{79F68442-9492-4538-BB49-468ABFD7663E}.Release|Any CPU.ActiveCfg = Release|Any CPU
		{79F68442-9492-4538-BB49-468ABFD7663E}.Release|Any CPU.Build.0 = Release|Any CPU
		{6D5AC4D2-4970-4E02-9E21-EC47DF8619D6}.Debug|Any CPU.ActiveCfg = Debug|Any CPU
		{6D5AC4D2-4970-4E02-9E21-EC47DF8619D6}.Debug|Any CPU.Build.0 = Debug|Any CPU
		{6D5AC4D2-4970-4E02-9E21-EC47DF8619D6}.Release|Any CPU.ActiveCfg = Release|Any CPU
		{6D5AC4D2-4970-4E02-9E21-EC47DF8619D6}.Release|Any CPU.Build.0 = Release|Any CPU
		{A0FE2F37-004B-438D-85A3-CF8D4FB06C56}.Debug|Any CPU.ActiveCfg = Debug|Any CPU
		{A0FE2F37-004B-438D-85A3-CF8D4FB06C56}.Debug|Any CPU.Build.0 = Debug|Any CPU
		{A0FE2F37-004B-438D-85A3-CF8D4FB06C56}.Release|Any CPU.ActiveCfg = Release|Any CPU
		{A0FE2F37-004B-438D-85A3-CF8D4FB06C56}.Release|Any CPU.Build.0 = Release|Any CPU
		{A72986C9-A5F1-4B7B-A4C3-BDCA66F573F5}.Debug|Any CPU.ActiveCfg = Debug|Any CPU
		{A72986C9-A5F1-4B7B-A4C3-BDCA66F573F5}.Debug|Any CPU.Build.0 = Debug|Any CPU
		{A72986C9-A5F1-4B7B-A4C3-BDCA66F573F5}.Release|Any CPU.ActiveCfg = Release|Any CPU
		{A72986C9-A5F1-4B7B-A4C3-BDCA66F573F5}.Release|Any CPU.Build.0 = Release|Any CPU
		{EE8F4263-BB58-472D-BE38-A2B7B844A915}.Debug|Any CPU.ActiveCfg = Debug|Any CPU
		{EE8F4263-BB58-472D-BE38-A2B7B844A915}.Debug|Any CPU.Build.0 = Debug|Any CPU
		{EE8F4263-BB58-472D-BE38-A2B7B844A915}.Release|Any CPU.ActiveCfg = Release|Any CPU
		{EE8F4263-BB58-472D-BE38-A2B7B844A915}.Release|Any CPU.Build.0 = Release|Any CPU
		{95E794CD-EA00-4523-A3E0-FA311A7C4999}.Debug|Any CPU.ActiveCfg = Debug|Any CPU
		{95E794CD-EA00-4523-A3E0-FA311A7C4999}.Debug|Any CPU.Build.0 = Debug|Any CPU
		{95E794CD-EA00-4523-A3E0-FA311A7C4999}.Release|Any CPU.ActiveCfg = Release|Any CPU
		{95E794CD-EA00-4523-A3E0-FA311A7C4999}.Release|Any CPU.Build.0 = Release|Any CPU
		{359B68F9-1540-4B9E-9A05-46F82E84B40E}.Debug|Any CPU.ActiveCfg = Debug|Any CPU
		{359B68F9-1540-4B9E-9A05-46F82E84B40E}.Debug|Any CPU.Build.0 = Debug|Any CPU
		{359B68F9-1540-4B9E-9A05-46F82E84B40E}.Release|Any CPU.ActiveCfg = Release|Any CPU
		{359B68F9-1540-4B9E-9A05-46F82E84B40E}.Release|Any CPU.Build.0 = Release|Any CPU
		{EF8DB1F9-9D4A-4166-A892-2FE28F7BABB2}.Debug|Any CPU.ActiveCfg = Debug|Any CPU
		{EF8DB1F9-9D4A-4166-A892-2FE28F7BABB2}.Debug|Any CPU.Build.0 = Debug|Any CPU
		{EF8DB1F9-9D4A-4166-A892-2FE28F7BABB2}.Release|Any CPU.ActiveCfg = Release|Any CPU
		{EF8DB1F9-9D4A-4166-A892-2FE28F7BABB2}.Release|Any CPU.Build.0 = Release|Any CPU
		{03E73C6D-2F59-4B97-9278-7A97605FF483}.Debug|Any CPU.ActiveCfg = Debug|Any CPU
		{03E73C6D-2F59-4B97-9278-7A97605FF483}.Debug|Any CPU.Build.0 = Debug|Any CPU
		{03E73C6D-2F59-4B97-9278-7A97605FF483}.Release|Any CPU.ActiveCfg = Release|Any CPU
		{03E73C6D-2F59-4B97-9278-7A97605FF483}.Release|Any CPU.Build.0 = Release|Any CPU
		{127D6F36-94F2-47A1-A27C-6A3A318ED864}.Debug|Any CPU.ActiveCfg = Debug|Any CPU
		{127D6F36-94F2-47A1-A27C-6A3A318ED864}.Debug|Any CPU.Build.0 = Debug|Any CPU
		{127D6F36-94F2-47A1-A27C-6A3A318ED864}.Release|Any CPU.ActiveCfg = Release|Any CPU
		{127D6F36-94F2-47A1-A27C-6A3A318ED864}.Release|Any CPU.Build.0 = Release|Any CPU
		{65BF0A2F-686A-4506-8575-A21320BF1D5D}.Debug|Any CPU.ActiveCfg = Debug|Any CPU
		{65BF0A2F-686A-4506-8575-A21320BF1D5D}.Debug|Any CPU.Build.0 = Debug|Any CPU
		{65BF0A2F-686A-4506-8575-A21320BF1D5D}.Release|Any CPU.ActiveCfg = Release|Any CPU
		{65BF0A2F-686A-4506-8575-A21320BF1D5D}.Release|Any CPU.Build.0 = Release|Any CPU
		{B9048C11-E4BC-4F60-A231-43B8EC169D92}.Debug|Any CPU.ActiveCfg = Debug|Any CPU
		{B9048C11-E4BC-4F60-A231-43B8EC169D92}.Debug|Any CPU.Build.0 = Debug|Any CPU
		{B9048C11-E4BC-4F60-A231-43B8EC169D92}.Release|Any CPU.ActiveCfg = Release|Any CPU
		{B9048C11-E4BC-4F60-A231-43B8EC169D92}.Release|Any CPU.Build.0 = Release|Any CPU
		{0639A51E-07A0-4DAF-8EF0-697A00CBB5BE}.Debug|Any CPU.ActiveCfg = Debug|Any CPU
		{0639A51E-07A0-4DAF-8EF0-697A00CBB5BE}.Debug|Any CPU.Build.0 = Debug|Any CPU
		{0639A51E-07A0-4DAF-8EF0-697A00CBB5BE}.Release|Any CPU.ActiveCfg = Release|Any CPU
		{0639A51E-07A0-4DAF-8EF0-697A00CBB5BE}.Release|Any CPU.Build.0 = Release|Any CPU
		{D482B895-BDC4-45E8-B700-C6DE751586E2}.Debug|Any CPU.ActiveCfg = Debug|Any CPU
		{D482B895-BDC4-45E8-B700-C6DE751586E2}.Debug|Any CPU.Build.0 = Debug|Any CPU
		{D482B895-BDC4-45E8-B700-C6DE751586E2}.Release|Any CPU.ActiveCfg = Release|Any CPU
		{D482B895-BDC4-45E8-B700-C6DE751586E2}.Release|Any CPU.Build.0 = Release|Any CPU
		{C219508E-11E2-4810-A649-52FFD696C08A}.Debug|Any CPU.ActiveCfg = Debug|Any CPU
		{C219508E-11E2-4810-A649-52FFD696C08A}.Debug|Any CPU.Build.0 = Debug|Any CPU
		{C219508E-11E2-4810-A649-52FFD696C08A}.Release|Any CPU.ActiveCfg = Release|Any CPU
		{C219508E-11E2-4810-A649-52FFD696C08A}.Release|Any CPU.Build.0 = Release|Any CPU
		{F13719CF-AF13-4BDA-90E8-ADB4A0966983}.Debug|Any CPU.ActiveCfg = Debug|Any CPU
		{F13719CF-AF13-4BDA-90E8-ADB4A0966983}.Debug|Any CPU.Build.0 = Debug|Any CPU
		{F13719CF-AF13-4BDA-90E8-ADB4A0966983}.Release|Any CPU.ActiveCfg = Release|Any CPU
		{F13719CF-AF13-4BDA-90E8-ADB4A0966983}.Release|Any CPU.Build.0 = Release|Any CPU
		{5F707B39-D23A-4E5D-B41F-5E3CA7117040}.Debug|Any CPU.ActiveCfg = Debug|Any CPU
		{5F707B39-D23A-4E5D-B41F-5E3CA7117040}.Debug|Any CPU.Build.0 = Debug|Any CPU
		{5F707B39-D23A-4E5D-B41F-5E3CA7117040}.Release|Any CPU.ActiveCfg = Release|Any CPU
		{5F707B39-D23A-4E5D-B41F-5E3CA7117040}.Release|Any CPU.Build.0 = Release|Any CPU
		{630F850F-A306-44CC-8FC4-25D0A0454E98}.Debug|Any CPU.ActiveCfg = Debug|Any CPU
		{630F850F-A306-44CC-8FC4-25D0A0454E98}.Debug|Any CPU.Build.0 = Debug|Any CPU
		{630F850F-A306-44CC-8FC4-25D0A0454E98}.Release|Any CPU.ActiveCfg = Release|Any CPU
		{630F850F-A306-44CC-8FC4-25D0A0454E98}.Release|Any CPU.Build.0 = Release|Any CPU
		{7AE83305-AD29-4BC0-954A-1D32D48899A3}.Debug|Any CPU.ActiveCfg = Debug|Any CPU
		{7AE83305-AD29-4BC0-954A-1D32D48899A3}.Debug|Any CPU.Build.0 = Debug|Any CPU
		{7AE83305-AD29-4BC0-954A-1D32D48899A3}.Release|Any CPU.ActiveCfg = Release|Any CPU
		{7AE83305-AD29-4BC0-954A-1D32D48899A3}.Release|Any CPU.Build.0 = Release|Any CPU
		{A9CE6D5A-9F89-4305-8A09-B4A48972F31A}.Debug|Any CPU.ActiveCfg = Debug|Any CPU
		{A9CE6D5A-9F89-4305-8A09-B4A48972F31A}.Debug|Any CPU.Build.0 = Debug|Any CPU
		{A9CE6D5A-9F89-4305-8A09-B4A48972F31A}.Release|Any CPU.ActiveCfg = Release|Any CPU
		{A9CE6D5A-9F89-4305-8A09-B4A48972F31A}.Release|Any CPU.Build.0 = Release|Any CPU
		{B4271666-6812-4F05-B3B9-E908116BCF05}.Debug|Any CPU.ActiveCfg = Debug|Any CPU
		{B4271666-6812-4F05-B3B9-E908116BCF05}.Debug|Any CPU.Build.0 = Debug|Any CPU
		{B4271666-6812-4F05-B3B9-E908116BCF05}.Release|Any CPU.ActiveCfg = Release|Any CPU
		{B4271666-6812-4F05-B3B9-E908116BCF05}.Release|Any CPU.Build.0 = Release|Any CPU
		{4A833497-4120-4D83-9BA1-C4944EA99B2A}.Debug|Any CPU.ActiveCfg = Debug|Any CPU
		{4A833497-4120-4D83-9BA1-C4944EA99B2A}.Debug|Any CPU.Build.0 = Debug|Any CPU
		{4A833497-4120-4D83-9BA1-C4944EA99B2A}.Release|Any CPU.ActiveCfg = Release|Any CPU
		{4A833497-4120-4D83-9BA1-C4944EA99B2A}.Release|Any CPU.Build.0 = Release|Any CPU
		{7134289E-5F3F-42D8-A78D-ECF9F4BA7CA8}.Debug|Any CPU.ActiveCfg = Debug|Any CPU
		{7134289E-5F3F-42D8-A78D-ECF9F4BA7CA8}.Debug|Any CPU.Build.0 = Debug|Any CPU
		{7134289E-5F3F-42D8-A78D-ECF9F4BA7CA8}.Release|Any CPU.ActiveCfg = Release|Any CPU
		{7134289E-5F3F-42D8-A78D-ECF9F4BA7CA8}.Release|Any CPU.Build.0 = Release|Any CPU
		{287A8F53-F515-4DAF-90B2-A984A94DE65B}.Debug|Any CPU.ActiveCfg = Debug|Any CPU
		{287A8F53-F515-4DAF-90B2-A984A94DE65B}.Debug|Any CPU.Build.0 = Debug|Any CPU
		{287A8F53-F515-4DAF-90B2-A984A94DE65B}.Release|Any CPU.ActiveCfg = Release|Any CPU
		{287A8F53-F515-4DAF-90B2-A984A94DE65B}.Release|Any CPU.Build.0 = Release|Any CPU
		{F05BDBC7-01CB-4D99-B57C-8B9B08C43374}.Debug|Any CPU.ActiveCfg = Debug|Any CPU
		{F05BDBC7-01CB-4D99-B57C-8B9B08C43374}.Debug|Any CPU.Build.0 = Debug|Any CPU
		{F05BDBC7-01CB-4D99-B57C-8B9B08C43374}.Release|Any CPU.ActiveCfg = Release|Any CPU
		{F05BDBC7-01CB-4D99-B57C-8B9B08C43374}.Release|Any CPU.Build.0 = Release|Any CPU
		{86721F44-A22C-4743-B761-A40532E51396}.Debug|Any CPU.ActiveCfg = Debug|Any CPU
		{86721F44-A22C-4743-B761-A40532E51396}.Debug|Any CPU.Build.0 = Debug|Any CPU
		{86721F44-A22C-4743-B761-A40532E51396}.Release|Any CPU.ActiveCfg = Release|Any CPU
		{86721F44-A22C-4743-B761-A40532E51396}.Release|Any CPU.Build.0 = Release|Any CPU
		{257B88FA-47C2-4D62-8D9C-C3C1817749A3}.Debug|Any CPU.ActiveCfg = Debug|Any CPU
		{257B88FA-47C2-4D62-8D9C-C3C1817749A3}.Debug|Any CPU.Build.0 = Debug|Any CPU
		{257B88FA-47C2-4D62-8D9C-C3C1817749A3}.Release|Any CPU.ActiveCfg = Release|Any CPU
		{257B88FA-47C2-4D62-8D9C-C3C1817749A3}.Release|Any CPU.Build.0 = Release|Any CPU
		{CD6A7900-833C-483C-A553-C2E772123443}.Debug|Any CPU.ActiveCfg = Debug|Any CPU
		{CD6A7900-833C-483C-A553-C2E772123443}.Debug|Any CPU.Build.0 = Debug|Any CPU
		{CD6A7900-833C-483C-A553-C2E772123443}.Release|Any CPU.ActiveCfg = Release|Any CPU
		{CD6A7900-833C-483C-A553-C2E772123443}.Release|Any CPU.Build.0 = Release|Any CPU
		{E3617FC3-8E53-4822-814E-5F2FAF968092}.Debug|Any CPU.ActiveCfg = Debug|Any CPU
		{E3617FC3-8E53-4822-814E-5F2FAF968092}.Debug|Any CPU.Build.0 = Debug|Any CPU
		{E3617FC3-8E53-4822-814E-5F2FAF968092}.Release|Any CPU.ActiveCfg = Release|Any CPU
		{E3617FC3-8E53-4822-814E-5F2FAF968092}.Release|Any CPU.Build.0 = Release|Any CPU
		{1EA7C0AD-732E-4D82-8D74-FF0E422986AC}.Debug|Any CPU.ActiveCfg = Debug|Any CPU
		{1EA7C0AD-732E-4D82-8D74-FF0E422986AC}.Debug|Any CPU.Build.0 = Debug|Any CPU
		{1EA7C0AD-732E-4D82-8D74-FF0E422986AC}.Release|Any CPU.ActiveCfg = Release|Any CPU
		{1EA7C0AD-732E-4D82-8D74-FF0E422986AC}.Release|Any CPU.Build.0 = Release|Any CPU
		{E74ED5FC-3E77-4448-B3C2-90B731E60EE7}.Debug|Any CPU.ActiveCfg = Debug|Any CPU
		{E74ED5FC-3E77-4448-B3C2-90B731E60EE7}.Debug|Any CPU.Build.0 = Debug|Any CPU
		{E74ED5FC-3E77-4448-B3C2-90B731E60EE7}.Release|Any CPU.ActiveCfg = Release|Any CPU
		{E74ED5FC-3E77-4448-B3C2-90B731E60EE7}.Release|Any CPU.Build.0 = Release|Any CPU
	EndGlobalSection
	GlobalSection(SolutionProperties) = preSolution
		HideSolutionNode = FALSE
	EndGlobalSection
	GlobalSection(NestedProjects) = preSolution
		{A6A27A7C-968D-404D-A995-608574630420} = {F1BB2268-9D2F-436E-97BE-A1BFF794CE72}
		{428B807F-C8EB-48A7-B365-156194675AD8} = {F1BB2268-9D2F-436E-97BE-A1BFF794CE72}
		{B6397DBE-6674-429E-9020-64197588A010} = {F1BB2268-9D2F-436E-97BE-A1BFF794CE72}
		{F1609D7B-EEBE-49EB-AFFA-CCDC3FA60F5F} = {F1BB2268-9D2F-436E-97BE-A1BFF794CE72}
		{FFCD6B22-372B-4C61-9FFE-67A53006130B} = {F1BB2268-9D2F-436E-97BE-A1BFF794CE72}
		{1374DE89-99A8-4B90-B054-F6024B4D3FCE} = {F1BB2268-9D2F-436E-97BE-A1BFF794CE72}
		{34A0F3EB-83B0-40D0-BEE8-B6FE410008DB} = {F1BB2268-9D2F-436E-97BE-A1BFF794CE72}
		{79F68442-9492-4538-BB49-468ABFD7663E} = {A6A27A7C-968D-404D-A995-608574630420}
		{6D5AC4D2-4970-4E02-9E21-EC47DF8619D6} = {A6A27A7C-968D-404D-A995-608574630420}
		{A0FE2F37-004B-438D-85A3-CF8D4FB06C56} = {A6A27A7C-968D-404D-A995-608574630420}
		{A72986C9-A5F1-4B7B-A4C3-BDCA66F573F5} = {A6A27A7C-968D-404D-A995-608574630420}
		{EE8F4263-BB58-472D-BE38-A2B7B844A915} = {A6A27A7C-968D-404D-A995-608574630420}
		{95E794CD-EA00-4523-A3E0-FA311A7C4999} = {A6A27A7C-968D-404D-A995-608574630420}
		{359B68F9-1540-4B9E-9A05-46F82E84B40E} = {A6A27A7C-968D-404D-A995-608574630420}
		{EF8DB1F9-9D4A-4166-A892-2FE28F7BABB2} = {A6A27A7C-968D-404D-A995-608574630420}
		{03E73C6D-2F59-4B97-9278-7A97605FF483} = {A6A27A7C-968D-404D-A995-608574630420}
		{1E9A55EA-2978-433C-ACFF-E0A7F6ADF484} = {A6A27A7C-968D-404D-A995-608574630420}
		{630F850F-A306-44CC-8FC4-25D0A0454E98} = {428B807F-C8EB-48A7-B365-156194675AD8}
		{7AE83305-AD29-4BC0-954A-1D32D48899A3} = {428B807F-C8EB-48A7-B365-156194675AD8}
		{A9CE6D5A-9F89-4305-8A09-B4A48972F31A} = {428B807F-C8EB-48A7-B365-156194675AD8}
		{E3617FC3-8E53-4822-814E-5F2FAF968092} = {428B807F-C8EB-48A7-B365-156194675AD8}
		{B4271666-6812-4F05-B3B9-E908116BCF05} = {B6397DBE-6674-429E-9020-64197588A010}
		{4A833497-4120-4D83-9BA1-C4944EA99B2A} = {B6397DBE-6674-429E-9020-64197588A010}
		{1EA7C0AD-732E-4D82-8D74-FF0E422986AC} = {B6397DBE-6674-429E-9020-64197588A010}
		{E74ED5FC-3E77-4448-B3C2-90B731E60EE7} = {B6397DBE-6674-429E-9020-64197588A010}
		{257B88FA-47C2-4D62-8D9C-C3C1817749A3} = {F1609D7B-EEBE-49EB-AFFA-CCDC3FA60F5F}
		{CD6A7900-833C-483C-A553-C2E772123443} = {F1609D7B-EEBE-49EB-AFFA-CCDC3FA60F5F}
		{7134289E-5F3F-42D8-A78D-ECF9F4BA7CA8} = {FFCD6B22-372B-4C61-9FFE-67A53006130B}
		{287A8F53-F515-4DAF-90B2-A984A94DE65B} = {FFCD6B22-372B-4C61-9FFE-67A53006130B}
		{F05BDBC7-01CB-4D99-B57C-8B9B08C43374} = {FFCD6B22-372B-4C61-9FFE-67A53006130B}
		{86721F44-A22C-4743-B761-A40532E51396} = {FFCD6B22-372B-4C61-9FFE-67A53006130B}
		{0639A51E-07A0-4DAF-8EF0-697A00CBB5BE} = {1374DE89-99A8-4B90-B054-F6024B4D3FCE}
		{D482B895-BDC4-45E8-B700-C6DE751586E2} = {1374DE89-99A8-4B90-B054-F6024B4D3FCE}
		{C219508E-11E2-4810-A649-52FFD696C08A} = {1374DE89-99A8-4B90-B054-F6024B4D3FCE}
		{F13719CF-AF13-4BDA-90E8-ADB4A0966983} = {1374DE89-99A8-4B90-B054-F6024B4D3FCE}
		{5F707B39-D23A-4E5D-B41F-5E3CA7117040} = {1374DE89-99A8-4B90-B054-F6024B4D3FCE}
		{127D6F36-94F2-47A1-A27C-6A3A318ED864} = {34A0F3EB-83B0-40D0-BEE8-B6FE410008DB}
		{65BF0A2F-686A-4506-8575-A21320BF1D5D} = {34A0F3EB-83B0-40D0-BEE8-B6FE410008DB}
		{B9048C11-E4BC-4F60-A231-43B8EC169D92} = {34A0F3EB-83B0-40D0-BEE8-B6FE410008DB}
	EndGlobalSection
EndGlobal
